
Microsoft Visual Studio Solution File, Format Version 12.00
# Visual Studio Version 16
VisualStudioVersion = 16.0.31613.86
MinimumVisualStudioVersion = 10.0.40219.1
Project("{FAE04EC0-301F-11D3-BF4B-00C04F79EFBC}") = "2021_AdventOfCode", "2021_AdventOfCode.csproj", "{A0BD1E3F-BA2D-4AC1-8A6E-CF55CE07533E}"
EndProject
Global
	GlobalSection(SolutionConfigurationPlatforms) = preSolution
		Debug|Any CPU = Debug|Any CPU
		Release|Any CPU = Release|Any CPU
	EndGlobalSection
	GlobalSection(ProjectConfigurationPlatforms) = postSolution
		{A0BD1E3F-BA2D-4AC1-8A6E-CF55CE07533E}.Debug|Any CPU.ActiveCfg = Debug|Any CPU
		{A0BD1E3F-BA2D-4AC1-8A6E-CF55CE07533E}.Debug|Any CPU.Build.0 = Debug|Any CPU
		{A0BD1E3F-BA2D-4AC1-8A6E-CF55CE07533E}.Release|Any CPU.ActiveCfg = Release|Any CPU
		{A0BD1E3F-BA2D-4AC1-8A6E-CF55CE07533E}.Release|Any CPU.Build.0 = Release|Any CPU
	EndGlobalSection
	GlobalSection(SolutionProperties) = preSolution
		HideSolutionNode = FALSE
	EndGlobalSection
	GlobalSection(ExtensibilityGlobals) = postSolution
		SolutionGuid = {A3B26318-73B4-494F-857E-1E3E8DB4E83F}
	EndGlobalSection
EndGlobal
